// !$*UTF8*$!
{
	archiveVersion = 1;
	classes = {
	};
	objectVersion = 56;
	objects = {

/* Begin PBXBuildFile section */
		A2EF90CF2BF083A1002D17FF /* CustomTabbarInSwiftUIApp.swift in Sources */ = {isa = PBXBuildFile; fileRef = A2EF90CE2BF083A1002D17FF /* CustomTabbarInSwiftUIApp.swift */; };
		A2EF90D12BF083A1002D17FF /* ContentView.swift in Sources */ = {isa = PBXBuildFile; fileRef = A2EF90D02BF083A1002D17FF /* ContentView.swift */; };
		A2EF90D32BF083A2002D17FF /* Assets.xcassets in Resources */ = {isa = PBXBuildFile; fileRef = A2EF90D22BF083A2002D17FF /* Assets.xcassets */; };
		A2EF90D62BF083A2002D17FF /* Preview Assets.xcassets in Resources */ = {isa = PBXBuildFile; fileRef = A2EF90D52BF083A2002D17FF /* Preview Assets.xcassets */; };
		A2EF90DD2BF08FF7002D17FF /* MailsView.swift in Sources */ = {isa = PBXBuildFile; fileRef = A2EF90DC2BF08FF7002D17FF /* MailsView.swift */; };
		A2EF90DF2BF09017002D17FF /* Files.swift in Sources */ = {isa = PBXBuildFile; fileRef = A2EF90DE2BF09017002D17FF /* Files.swift */; };
		A2EF90E12BF09031002D17FF /* MediaView.swift in Sources */ = {isa = PBXBuildFile; fileRef = A2EF90E02BF09031002D17FF /* MediaView.swift */; };
		A2EF90E32BF09043002D17FF /* ProfileView.swift in Sources */ = {isa = PBXBuildFile; fileRef = A2EF90E22BF09043002D17FF /* ProfileView.swift */; };
		A2EF90E52BF09059002D17FF /* HomeView.swift in Sources */ = {isa = PBXBuildFile; fileRef = A2EF90E42BF09059002D17FF /* HomeView.swift */; };
/* End PBXBuildFile section */

/* Begin PBXFileReference section */
		A2EF90CB2BF083A1002D17FF /* CustomTabbarInSwiftUI.app */ = {isa = PBXFileReference; explicitFileType = wrapper.application; includeInIndex = 0; path = CustomTabbarInSwiftUI.app; sourceTree = BUILT_PRODUCTS_DIR; };
		A2EF90CE2BF083A1002D17FF /* CustomTabbarInSwiftUIApp.swift */ = {isa = PBXFileReference; lastKnownFileType = sourcecode.swift; path = CustomTabbarInSwiftUIApp.swift; sourceTree = "<group>"; };
		A2EF90D02BF083A1002D17FF /* ContentView.swift */ = {isa = PBXFileReference; lastKnownFileType = sourcecode.swift; path = ContentView.swift; sourceTree = "<group>"; };
		A2EF90D22BF083A2002D17FF /* Assets.xcassets */ = {isa = PBXFileReference; lastKnownFileType = folder.assetcatalog; path = Assets.xcassets; sourceTree = "<group>"; };
		A2EF90D52BF083A2002D17FF /* Preview Assets.xcassets */ = {isa = PBXFileReference; lastKnownFileType = folder.assetcatalog; path = "Preview Assets.xcassets"; sourceTree = "<group>"; };
		A2EF90DC2BF08FF7002D17FF /* MailsView.swift */ = {isa = PBXFileReference; lastKnownFileType = sourcecode.swift; path = MailsView.swift; sourceTree = "<group>"; };
		A2EF90DE2BF09017002D17FF /* Files.swift */ = {isa = PBXFileReference; lastKnownFileType = sourcecode.swift; path = Files.swift; sourceTree = "<group>"; };
		A2EF90E02BF09031002D17FF /* MediaView.swift */ = {isa = PBXFileReference; lastKnownFileType = sourcecode.swift; path = MediaView.swift; sourceTree = "<group>"; };
		A2EF90E22BF09043002D17FF /* ProfileView.swift */ = {isa = PBXFileReference; lastKnownFileType = sourcecode.swift; path = ProfileView.swift; sourceTree = "<group>"; };
		A2EF90E42BF09059002D17FF /* HomeView.swift */ = {isa = PBXFileReference; lastKnownFileType = sourcecode.swift; path = HomeView.swift; sourceTree = "<group>"; };
/* End PBXFileReference section */

/* Begin PBXFrameworksBuildPhase section */
		A2EF90C82BF083A1002D17FF /* Frameworks */ = {
			isa = PBXFrameworksBuildPhase;
			buildActionMask = 2147483647;
			files = (
			);
			runOnlyForDeploymentPostprocessing = 0;
		};
/* End PBXFrameworksBuildPhase section */

/* Begin PBXGroup section */
		A2EF90C22BF083A1002D17FF = {
			isa = PBXGroup;
			children = (
				A2EF90CD2BF083A1002D17FF /* CustomTabbarInSwiftUI */,
				A2EF90CC2BF083A1002D17FF /* Products */,
			);
			sourceTree = "<group>";
		};
		A2EF90CC2BF083A1002D17FF /* Products */ = {
			isa = PBXGroup;
			children = (
				A2EF90CB2BF083A1002D17FF /* CustomTabbarInSwiftUI.app */,
			);
			name = Products;
			sourceTree = "<group>";
		};
		A2EF90CD2BF083A1002D17FF /* CustomTabbarInSwiftUI */ = {
			isa = PBXGroup;
			children = (
				A2EF90E62BF0905F002D17FF /* Views */,
				A2EF90CE2BF083A1002D17FF /* CustomTabbarInSwiftUIApp.swift */,
				A2EF90D02BF083A1002D17FF /* ContentView.swift */,
				A2EF90D22BF083A2002D17FF /* Assets.xcassets */,
				A2EF90D42BF083A2002D17FF /* Preview Content */,
			);
			path = CustomTabbarInSwiftUI;
			sourceTree = "<group>";
		};
		A2EF90D42BF083A2002D17FF /* Preview Content */ = {
			isa = PBXGroup;
			children = (
				A2EF90D52BF083A2002D17FF /* Preview Assets.xcassets */,
			);
			path = "Preview Content";
			sourceTree = "<group>";
		};
		A2EF90E62BF0905F002D17FF /* Views */ = {
			isa = PBXGroup;
			children = (
				A2EF90DC2BF08FF7002D17FF /* MailsView.swift */,
				A2EF90DE2BF09017002D17FF /* Files.swift */,
				A2EF90E02BF09031002D17FF /* MediaView.swift */,
				A2EF90E22BF09043002D17FF /* ProfileView.swift */,
				A2EF90E42BF09059002D17FF /* HomeView.swift */,
			);
			path = Views;
			sourceTree = "<group>";
		};
/* End PBXGroup section */

/* Begin PBXNativeTarget section */
		A2EF90CA2BF083A1002D17FF /* CustomTabbarInSwiftUI */ = {
			isa = PBXNativeTarget;
			buildConfigurationList = A2EF90D92BF083A2002D17FF /* Build configuration list for PBXNativeTarget "CustomTabbarInSwiftUI" */;
			buildPhases = (
				A2EF90C72BF083A1002D17FF /* Sources */,
				A2EF90C82BF083A1002D17FF /* Frameworks */,
				A2EF90C92BF083A1002D17FF /* Resources */,
			);
			buildRules = (
			);
			dependencies = (
			);
			name = CustomTabbarInSwiftUI;
			productName = CustomTabbarInSwiftUI;
			productReference = A2EF90CB2BF083A1002D17FF /* CustomTabbarInSwiftUI.app */;
			productType = "com.apple.product-type.application";
		};
/* End PBXNativeTarget section */

/* Begin PBXProject section */
		A2EF90C32BF083A1002D17FF /* Project object */ = {
			isa = PBXProject;
			attributes = {
				BuildIndependentTargetsInParallel = 1;
				LastSwiftUpdateCheck = 1530;
				LastUpgradeCheck = 1530;
				TargetAttributes = {
					A2EF90CA2BF083A1002D17FF = {
						CreatedOnToolsVersion = 15.3;
					};
				};
			};
			buildConfigurationList = A2EF90C62BF083A1002D17FF /* Build configuration list for PBXProject "CustomTabbarInSwiftUI" */;
			compatibilityVersion = "Xcode 14.0";
			developmentRegion = en;
			hasScannedForEncodings = 0;
			knownRegions = (
				en,
				Base,
			);
			mainGroup = A2EF90C22BF083A1002D17FF;
			productRefGroup = A2EF90CC2BF083A1002D17FF /* Products */;
			projectDirPath = "";
			projectRoot = "";
			targets = (
				A2EF90CA2BF083A1002D17FF /* CustomTabbarInSwiftUI */,
			);
		};
/* End PBXProject section */

/* Begin PBXResourcesBuildPhase section */
		A2EF90C92BF083A1002D17FF /* Resources */ = {
			isa = PBXResourcesBuildPhase;
			buildActionMask = 2147483647;
			files = (
				A2EF90D62BF083A2002D17FF /* Preview Assets.xcassets in Resources */,
				A2EF90D32BF083A2002D17FF /* Assets.xcassets in Resources */,
			);
			runOnlyForDeploymentPostprocessing = 0;
		};
/* End PBXResourcesBuildPhase section */

/* Begin PBXSourcesBuildPhase section */
		A2EF90C72BF083A1002D17FF /* Sources */ = {
			isa = PBXSourcesBuildPhase;
			buildActionMask = 2147483647;
			files = (
				A2EF90DD2BF08FF7002D17FF /* MailsView.swift in Sources */,
				A2EF90E52BF09059002D17FF /* HomeView.swift in Sources */,
				A2EF90DF2BF09017002D17FF /* Files.swift in Sources */,
				A2EF90D12BF083A1002D17FF /* ContentView.swift in Sources */,
				A2EF90E12BF09031002D17FF /* MediaView.swift in Sources */,
				A2EF90E32BF09043002D17FF /* ProfileView.swift in Sources */,
				A2EF90CF2BF083A1002D17FF /* CustomTabbarInSwiftUIApp.swift in Sources */,
			);
			runOnlyForDeploymentPostprocessing = 0;
		};
/* End PBXSourcesBuildPhase section */

/* Begin XCBuildConfiguration section */
		A2EF90D72BF083A2002D17FF /* Debug */ = {
			isa = XCBuildConfiguration;
			buildSettings = {
				ALWAYS_SEARCH_USER_PATHS = NO;
				ASSETCATALOG_COMPILER_GENERATE_SWIFT_ASSET_SYMBOL_EXTENSIONS = YES;
				CLANG_ANALYZER_NONNULL = YES;
				CLANG_ANALYZER_NUMBER_OBJECT_CONVERSION = YES_AGGRESSIVE;
				CLANG_CXX_LANGUAGE_STANDARD = "gnu++20";
				CLANG_ENABLE_MODULES = YES;
				CLANG_ENABLE_OBJC_ARC = YES;
				CLANG_ENABLE_OBJC_WEAK = YES;
				CLANG_WARN_BLOCK_CAPTURE_AUTORELEASING = YES;
				CLANG_WARN_BOOL_CONVERSION = YES;
				CLANG_WARN_COMMA = YES;
				CLANG_WARN_CONSTANT_CONVERSION = YES;
				CLANG_WARN_DEPRECATED_OBJC_IMPLEMENTATIONS = YES;
				CLANG_WARN_DIRECT_OBJC_ISA_USAGE = YES_ERROR;
				CLANG_WARN_DOCUMENTATION_COMMENTS = YES;
				CLANG_WARN_EMPTY_BODY = YES;
				CLANG_WARN_ENUM_CONVERSION = YES;
				CLANG_WARN_INFINITE_RECURSION = YES;
				CLANG_WARN_INT_CONVERSION = YES;
				CLANG_WARN_NON_LITERAL_NULL_CONVERSION = YES;
				CLANG_WARN_OBJC_IMPLICIT_RETAIN_SELF = YES;
				CLANG_WARN_OBJC_LITERAL_CONVERSION = YES;
				CLANG_WARN_OBJC_ROOT_CLASS = YES_ERROR;
				CLANG_WARN_QUOTED_INCLUDE_IN_FRAMEWORK_HEADER = YES;
				CLANG_WARN_RANGE_LOOP_ANALYSIS = YES;
				CLANG_WARN_STRICT_PROTOTYPES = YES;
				CLANG_WARN_SUSPICIOUS_MOVE = YES;
				CLANG_WARN_UNGUARDED_AVAILABILITY = YES_AGGRESSIVE;
				CLANG_WARN_UNREACHABLE_CODE = YES;
				CLANG_WARN__DUPLICATE_METHOD_MATCH = YES;
				COPY_PHASE_STRIP = NO;
				DEBUG_INFORMATION_FORMAT = dwarf;
				ENABLE_STRICT_OBJC_MSGSEND = YES;
				ENABLE_TESTABILITY = YES;
				ENABLE_USER_SCRIPT_SANDBOXING = YES;
				GCC_C_LANGUAGE_STANDARD = gnu17;
				GCC_DYNAMIC_NO_PIC = NO;
				GCC_NO_COMMON_BLOCKS = YES;
				GCC_OPTIMIZATION_LEVEL = 0;
				GCC_PREPROCESSOR_DEFINITIONS = (
					"DEBUG=1",
					"$(inherited)",
				);
				GCC_WARN_64_TO_32_BIT_CONVERSION = YES;
				GCC_WARN_ABOUT_RETURN_TYPE = YES_ERROR;
				GCC_WARN_UNDECLARED_SELECTOR = YES;
				GCC_WARN_UNINITIALIZED_AUTOS = YES_AGGRESSIVE;
				GCC_WARN_UNUSED_FUNCTION = YES;
				GCC_WARN_UNUSED_VARIABLE = YES;
				IPHONEOS_DEPLOYMENT_TARGET = 17.4;
				LOCALIZATION_PREFERS_STRING_CATALOGS = YES;
				MTL_ENABLE_DEBUG_INFO = INCLUDE_SOURCE;
				MTL_FAST_MATH = YES;
				ONLY_ACTIVE_ARCH = YES;
				SDKROOT = iphoneos;
				SWIFT_ACTIVE_COMPILATION_CONDITIONS = "DEBUG $(inherited)";
				SWIFT_OPTIMIZATION_LEVEL = "-Onone";
			};
			name = Debug;
		};
		A2EF90D82BF083A2002D17FF /* Release */ = {
			isa = XCBuildConfiguration;
			buildSettings = {
				ALWAYS_SEARCH_USER_PATHS = NO;
				ASSETCATALOG_COMPILER_GENERATE_SWIFT_ASSET_SYMBOL_EXTENSIONS = YES;
				CLANG_ANALYZER_NONNULL = YES;
				CLANG_ANALYZER_NUMBER_OBJECT_CONVERSION = YES_AGGRESSIVE;
				CLANG_CXX_LANGUAGE_STANDARD = "gnu++20";
				CLANG_ENABLE_MODULES = YES;
				CLANG_ENABLE_OBJC_ARC = YES;
				CLANG_ENABLE_OBJC_WEAK = YES;
				CLANG_WARN_BLOCK_CAPTURE_AUTORELEASING = YES;
				CLANG_WARN_BOOL_CONVERSION = YES;
				CLANG_WARN_COMMA = YES;
				CLANG_WARN_CONSTANT_CONVERSION = YES;
				CLANG_WARN_DEPRECATED_OBJC_IMPLEMENTATIONS = YES;
				CLANG_WARN_DIRECT_OBJC_ISA_USAGE = YES_ERROR;
				CLANG_WARN_DOCUMENTATION_COMMENTS = YES;
				CLANG_WARN_EMPTY_BODY = YES;
				CLANG_WARN_ENUM_CONVERSION = YES;
				CLANG_WARN_INFINITE_RECURSION = YES;
				CLANG_WARN_INT_CONVERSION = YES;
				CLANG_WARN_NON_LITERAL_NULL_CONVERSION = YES;
				CLANG_WARN_OBJC_IMPLICIT_RETAIN_SELF = YES;
				CLANG_WARN_OBJC_LITERAL_CONVERSION = YES;
				CLANG_WARN_OBJC_ROOT_CLASS = YES_ERROR;
				CLANG_WARN_QUOTED_INCLUDE_IN_FRAMEWORK_HEADER = YES;
				CLANG_WARN_RANGE_LOOP_ANALYSIS = YES;
				CLANG_WARN_STRICT_PROTOTYPES = YES;
				CLANG_WARN_SUSPICIOUS_MOVE = YES;
				CLANG_WARN_UNGUARDED_AVAILABILITY = YES_AGGRESSIVE;
				CLANG_WARN_UNREACHABLE_CODE = YES;
				CLANG_WARN__DUPLICATE_METHOD_MATCH = YES;
				COPY_PHASE_STRIP = NO;
				DEBUG_INFORMATION_FORMAT = "dwarf-with-dsym";
				ENABLE_NS_ASSERTIONS = NO;
				ENABLE_STRICT_OBJC_MSGSEND = YES;
				ENABLE_USER_SCRIPT_SANDBOXING = YES;
				GCC_C_LANGUAGE_STANDARD = gnu17;
				GCC_NO_COMMON_BLOCKS = YES;
				GCC_WARN_64_TO_32_BIT_CONVERSION = YES;
				GCC_WARN_ABOUT_RETURN_TYPE = YES_ERROR;
				GCC_WARN_UNDECLARED_SELECTOR = YES;
				GCC_WARN_UNINITIALIZED_AUTOS = YES_AGGRESSIVE;
				GCC_WARN_UNUSED_FUNCTION = YES;
				GCC_WARN_UNUSED_VARIABLE = YES;
				IPHONEOS_DEPLOYMENT_TARGET = 17.4;
				LOCALIZATION_PREFERS_STRING_CATALOGS = YES;
				MTL_ENABLE_DEBUG_INFO = NO;
				MTL_FAST_MATH = YES;
				SDKROOT = iphoneos;
				SWIFT_COMPILATION_MODE = wholemodule;
				VALIDATE_PRODUCT = YES;
			};
			name = Release;
		};
		A2EF90DA2BF083A2002D17FF /* Debug */ = {
			isa = XCBuildConfiguration;
			buildSettings = {
				ASSETCATALOG_COMPILER_APPICON_NAME = AppIcon;
				ASSETCATALOG_COMPILER_GLOBAL_ACCENT_COLOR_NAME = AccentColor;
				CODE_SIGN_STYLE = Automatic;
				CURRENT_PROJECT_VERSION = 1;
				DEVELOPMENT_ASSET_PATHS = "\"CustomTabbarInSwiftUI/Preview Content\"";
				ENABLE_PREVIEWS = YES;
				GENERATE_INFOPLIST_FILE = YES;
				INFOPLIST_KEY_UIApplicationSceneManifest_Generation = YES;
				INFOPLIST_KEY_UIApplicationSupportsIndirectInputEvents = YES;
				INFOPLIST_KEY_UILaunchScreen_Generation = YES;
				INFOPLIST_KEY_UISupportedInterfaceOrientations_iPad = "UIInterfaceOrientationPortrait UIInterfaceOrientationPortraitUpsideDown UIInterfaceOrientationLandscapeLeft UIInterfaceOrientationLandscapeRight";
				INFOPLIST_KEY_UISupportedInterfaceOrientations_iPhone = "UIInterfaceOrientationPortrait UIInterfaceOrientationLandscapeLeft UIInterfaceOrientationLandscapeRight";
				LD_RUNPATH_SEARCH_PATHS = (
					"$(inherited)",
					"@executable_path/Frameworks",
				);
				MARKETING_VERSION = 1.0;
				PRODUCT_BUNDLE_IDENTIFIER = com.Demo.CustomTabbarInSwiftUI;
				PRODUCT_NAME = "$(TARGET_NAME)";
				SWIFT_EMIT_LOC_STRINGS = YES;
				SWIFT_VERSION = 5.0;
				TARGETED_DEVICE_FAMILY = "1,2";
			};
			name = Debug;
		};
		A2EF90DB2BF083A2002D17FF /* Release */ = {
			isa = XCBuildConfiguration;
			buildSettings = {
				ASSETCATALOG_COMPILER_APPICON_NAME = AppIcon;
				ASSETCATALOG_COMPILER_GLOBAL_ACCENT_COLOR_NAME = AccentColor;
				CODE_SIGN_STYLE = Automatic;
				CURRENT_PROJECT_VERSION = 1;
				DEVELOPMENT_ASSET_PATHS = "\"CustomTabbarInSwiftUI/Preview Content\"";
				ENABLE_PREVIEWS = YES;
				GENERATE_INFOPLIST_FILE = YES;
				INFOPLIST_KEY_UIApplicationSceneManifest_Generation = YES;
				INFOPLIST_KEY_UIApplicationSupportsIndirectInputEvents = YES;
				INFOPLIST_KEY_UILaunchScreen_Generation = YES;
				INFOPLIST_KEY_UISupportedInterfaceOrientations_iPad = "UIInterfaceOrientationPortrait UIInterfaceOrientationPortraitUpsideDown UIInterfaceOrientationLandscapeLeft UIInterfaceOrientationLandscapeRight";
				INFOPLIST_KEY_UISupportedInterfaceOrientations_iPhone = "UIInterfaceOrientationPortrait UIInterfaceOrientationLandscapeLeft UIInterfaceOrientationLandscapeRight";
				LD_RUNPATH_SEARCH_PATHS = (
					"$(inherited)",
					"@executable_path/Frameworks",
				);
				MARKETING_VERSION = 1.0;
				PRODUCT_BUNDLE_IDENTIFIER = com.Demo.CustomTabbarInSwiftUI;
				PRODUCT_NAME = "$(TARGET_NAME)";
				SWIFT_EMIT_LOC_STRINGS = YES;
				SWIFT_VERSION = 5.0;
				TARGETED_DEVICE_FAMILY = "1,2";
			};
			name = Release;
		};
/* End XCBuildConfiguration section */

/* Begin XCConfigurationList section */
		A2EF90C62BF083A1002D17FF /* Build configuration list for PBXProject "CustomTabbarInSwiftUI" */ = {
			isa = XCConfigurationList;
			buildConfigurations = (
				A2EF90D72BF083A2002D17FF /* Debug */,
				A2EF90D82BF083A2002D17FF /* Release */,
			);
			defaultConfigurationIsVisible = 0;
			defaultConfigurationName = Release;
		};
		A2EF90D92BF083A2002D17FF /* Build configuration list for PBXNativeTarget "CustomTabbarInSwiftUI" */ = {
			isa = XCConfigurationList;
			buildConfigurations = (
				A2EF90DA2BF083A2002D17FF /* Debug */,
				A2EF90DB2BF083A2002D17FF /* Release */,
			);
			defaultConfigurationIsVisible = 0;
			defaultConfigurationName = Release;
		};
/* End XCConfigurationList section */
	};
	rootObject = A2EF90C32BF083A1002D17FF /* Project object */;
}
